
Microsoft Visual Studio Solution File, Format Version 12.00
# Visual Studio Version 17
VisualStudioVersion = 17.14.36603.0
MinimumVisualStudioVersion = 10.0.40219.1
Project("{2150E333-8FDC-42A3-9474-1A3956D46DE8}") = "src", "src", "{02EA681E-C7D8-13C7-8484-4AC65E1B71E8}"
EndProject
Project("{2150E333-8FDC-42A3-9474-1A3956D46DE8}") = "seeders", "seeders", "{251DB493-D783-45C0-BF99-23166F90FFB8}"
EndProject
Project("{2150E333-8FDC-42A3-9474-1A3956D46DE8}") = "Catalog", "Catalog", "{E5D4BE51-2EEF-4228-A309-4989F35E13D0}"
EndProject
Project("{2150E333-8FDC-42A3-9474-1A3956D46DE8}") = "Gateway", "Gateway", "{206F1A76-6101-4F1C-BD65-E25559DD42E9}"
EndProject
Project("{FAE04EC0-301F-11D3-BF4B-00C04F79EFBC}") = "YARP", "src\Gateway\YARP\YARP.csproj", "{5053219B-A629-938F-7627-5DE16C2A09EB}"
EndProject
Project("{2150E333-8FDC-42A3-9474-1A3956D46DE8}") = "tests", "tests", "{FD5AC5CD-77BA-4812-88E8-CA0A7BF49DD5}"
EndProject
Project("{2150E333-8FDC-42A3-9474-1A3956D46DE8}") = "Inventory", "Inventory", "{5A0DEE42-CD00-41E2-AC91-71CF1AA8760C}"
EndProject
Project("{2150E333-8FDC-42A3-9474-1A3956D46DE8}") = "Ordering", "Ordering", "{5F6DC499-57C0-47CA-987E-C0EF2DC331AD}"
EndProject
Project("{FAE04EC0-301F-11D3-BF4B-00C04F79EFBC}") = "Catalog.UnitTests", "tests\Catalog.UnitTests\Catalog.UnitTests.csproj", "{1623A1B8-E360-0E82-9276-328EBE36B30D}"
EndProject
Project("{FAE04EC0-301F-11D3-BF4B-00C04F79EFBC}") = "Catalog.API", "src\Catalog\Catalog.API\Catalog.API.csproj", "{B981024E-3029-55D5-73E7-5A5ED7795191}"
EndProject
Project("{FAE04EC0-301F-11D3-BF4B-00C04F79EFBC}") = "Catalog.Application", "src\Catalog\Catalog.Application\Catalog.Application.csproj", "{5370CC80-2C2D-BFB4-03B8-1F8725B2E212}"
EndProject
Project("{FAE04EC0-301F-11D3-BF4B-00C04F79EFBC}") = "Catalog.Domain", "src\Catalog\Catalog.Domain\Catalog.Domain.csproj", "{9211D671-FBAD-8B67-C567-46F474A2D655}"
EndProject
Project("{FAE04EC0-301F-11D3-BF4B-00C04F79EFBC}") = "Catalog.Infrastructure", "src\Catalog\Catalog.Infrastructure\Catalog.Infrastructure.csproj", "{C50684B8-3BB1-FEE9-09B5-5798DF73D9C8}"
EndProject
Project("{FAE04EC0-301F-11D3-BF4B-00C04F79EFBC}") = "Inventory.Domain", "src\Inventory\Inventory.Domain\Inventory.Domain.csproj", "{4354A906-5E0B-C284-1999-11995B4B5C8D}"
EndProject
Project("{FAE04EC0-301F-11D3-BF4B-00C04F79EFBC}") = "Ordering.API", "src\Order\Order.API\Ordering.API.csproj", "{4E733569-99FE-9684-3529-1B81ED7A733B}"
EndProject
Project("{FAE04EC0-301F-11D3-BF4B-00C04F79EFBC}") = "Ordering.Application", "src\Order\Order.Application\Ordering.Application.csproj", "{16356E29-4AD2-A44F-BD11-C13A4A2A5E26}"
EndProject
Project("{FAE04EC0-301F-11D3-BF4B-00C04F79EFBC}") = "Ordering.Domain", "src\Order\Order.Domain\Ordering.Domain.csproj", "{1E882FDA-433C-DB27-D226-9802A53DFF7B}"
EndProject
Project("{FAE04EC0-301F-11D3-BF4B-00C04F79EFBC}") = "Ordering.Infrastructure", "src\Order\Order.Infrastructure\Ordering.Infrastructure.csproj", "{5AC589A1-30A9-161D-D800-36871F1C329E}"
EndProject
Project("{FAE04EC0-301F-11D3-BF4B-00C04F79EFBC}") = "MongoDbSeeder", "seeders\MongoDbSeeder\MongoDbSeeder.csproj", "{5A01C309-1958-4F30-63D8-6A78E057F2DC}"
EndProject
Project("{FAE04EC0-301F-11D3-BF4B-00C04F79EFBC}") = "Catalog.IntegrationTests", "Catalog.IntegrationTests\Catalog.IntegrationTests.csproj", "{06E8A8C1-E3C4-490F-8891-42C1FE38A2FE}"
EndProject
Project("{FAE04EC0-301F-11D3-BF4B-00C04F79EFBC}") = "Inventory.API", "src\Inventory\Inventory.API\Inventory.API.csproj", "{98B75AE6-F25E-A0C6-8C72-9EE81C724840}"
EndProject
Project("{FAE04EC0-301F-11D3-BF4B-00C04F79EFBC}") = "Inventory.Infrastructure", "src\Inventory\Inventory.Infrastructure\Inventory.Infrastructure.csproj", "{F0229ED8-7D6C-FAF4-9093-804D87344CA5}"
EndProject
Project("{FAE04EC0-301F-11D3-BF4B-00C04F79EFBC}") = "Inventory.Application", "src\Inventory\Inventory.Application\Inventory.Application.csproj", "{AA81B7C2-517E-ABA5-C062-964EAA690CF1}"
EndProject
Project("{2150E333-8FDC-42A3-9474-1A3956D46DE8}") = "User", "User", "{7CF47EA8-C1DA-4F84-B8F6-DC9FF724CBCF}"
EndProject
Project("{FAE04EC0-301F-11D3-BF4B-00C04F79EFBC}") = "User.API", "src\User\User.API\User.API.csproj", "{7E824768-F301-DD28-DEB4-EEF91EBC66EA}"
EndProject
Project("{FAE04EC0-301F-11D3-BF4B-00C04F79EFBC}") = "User.Application", "src\User\User.Application\User.Application.csproj", "{6C51074C-D379-D7DD-D5E3-44A24BE7F072}"
EndProject
Project("{FAE04EC0-301F-11D3-BF4B-00C04F79EFBC}") = "User.Domain", "src\User\User.Domain\User.Domain.csproj", "{CC5CA7F8-BF3F-9DFE-9C71-7476461B885B}"
EndProject
Project("{FAE04EC0-301F-11D3-BF4B-00C04F79EFBC}") = "User.Infrastructure", "src\User\User.Infrastructure\User.Infrastructure.csproj", "{D0A06352-F041-FC80-EB29-0A2BCAB02E7E}"
EndProject
Project("{2150E333-8FDC-42A3-9474-1A3956D46DE8}") = "shared", "shared", "{55515294-6E5F-4746-BF6B-48C333E80E0C}"
EndProject
Project("{2150E333-8FDC-42A3-9474-1A3956D46DE8}") = "Shared.Mesages", "Shared.Mesages", "{B6CE4631-916A-469E-83AC-D0584B4101CF}"
EndProject
Project("{FAE04EC0-301F-11D3-BF4B-00C04F79EFBC}") = "Shared.Messages", "shared\Shared.Messages\Shared.Messages.csproj", "{9ACB481A-A63E-568D-E557-4524790A0DB9}"
EndProject
Project("{2150E333-8FDC-42A3-9474-1A3956D46DE8}") = "Shared.Logging", "Shared.Logging", "{38B9FCC9-F6C0-4C8B-9C6B-016F16038F5B}"
EndProject
Project("{FAE04EC0-301F-11D3-BF4B-00C04F79EFBC}") = "Shared.Logging", "shared\Shared.Logging\Shared.Logging\Shared.Logging.csproj", "{F78BF959-9988-4DD5-810F-F32E79A50B72}"
EndProject
Project("{2150E333-8FDC-42A3-9474-1A3956D46DE8}") = "Solution Items", "Solution Items", "{8EC462FD-D22E-90A8-E5CE-7E832BA40C5D}"
	ProjectSection(SolutionItems) = preProject
		docker-compose.yml = docker-compose.yml
	EndProjectSection
EndProject
Global
	GlobalSection(SolutionConfigurationPlatforms) = preSolution
		Debug|Any CPU = Debug|Any CPU
		Release|Any CPU = Release|Any CPU
	EndGlobalSection
	GlobalSection(ProjectConfigurationPlatforms) = postSolution
		{5053219B-A629-938F-7627-5DE16C2A09EB}.Debug|Any CPU.ActiveCfg = Debug|Any CPU
		{5053219B-A629-938F-7627-5DE16C2A09EB}.Debug|Any CPU.Build.0 = Debug|Any CPU
		{5053219B-A629-938F-7627-5DE16C2A09EB}.Release|Any CPU.ActiveCfg = Release|Any CPU
		{5053219B-A629-938F-7627-5DE16C2A09EB}.Release|Any CPU.Build.0 = Release|Any CPU
		{1623A1B8-E360-0E82-9276-328EBE36B30D}.Debug|Any CPU.ActiveCfg = Debug|Any CPU
		{1623A1B8-E360-0E82-9276-328EBE36B30D}.Debug|Any CPU.Build.0 = Debug|Any CPU
		{1623A1B8-E360-0E82-9276-328EBE36B30D}.Release|Any CPU.ActiveCfg = Release|Any CPU
		{1623A1B8-E360-0E82-9276-328EBE36B30D}.Release|Any CPU.Build.0 = Release|Any CPU
		{B981024E-3029-55D5-73E7-5A5ED7795191}.Debug|Any CPU.ActiveCfg = Debug|Any CPU
		{B981024E-3029-55D5-73E7-5A5ED7795191}.Debug|Any CPU.Build.0 = Debug|Any CPU
		{B981024E-3029-55D5-73E7-5A5ED7795191}.Release|Any CPU.ActiveCfg = Release|Any CPU
		{B981024E-3029-55D5-73E7-5A5ED7795191}.Release|Any CPU.Build.0 = Release|Any CPU
		{5370CC80-2C2D-BFB4-03B8-1F8725B2E212}.Debug|Any CPU.ActiveCfg = Debug|Any CPU
		{5370CC80-2C2D-BFB4-03B8-1F8725B2E212}.Debug|Any CPU.Build.0 = Debug|Any CPU
		{5370CC80-2C2D-BFB4-03B8-1F8725B2E212}.Release|Any CPU.ActiveCfg = Release|Any CPU
		{5370CC80-2C2D-BFB4-03B8-1F8725B2E212}.Release|Any CPU.Build.0 = Release|Any CPU
		{9211D671-FBAD-8B67-C567-46F474A2D655}.Debug|Any CPU.ActiveCfg = Debug|Any CPU
		{9211D671-FBAD-8B67-C567-46F474A2D655}.Debug|Any CPU.Build.0 = Debug|Any CPU
		{9211D671-FBAD-8B67-C567-46F474A2D655}.Release|Any CPU.ActiveCfg = Release|Any CPU
		{9211D671-FBAD-8B67-C567-46F474A2D655}.Release|Any CPU.Build.0 = Release|Any CPU
		{C50684B8-3BB1-FEE9-09B5-5798DF73D9C8}.Debug|Any CPU.ActiveCfg = Debug|Any CPU
		{C50684B8-3BB1-FEE9-09B5-5798DF73D9C8}.Debug|Any CPU.Build.0 = Debug|Any CPU
		{C50684B8-3BB1-FEE9-09B5-5798DF73D9C8}.Release|Any CPU.ActiveCfg = Release|Any CPU
		{C50684B8-3BB1-FEE9-09B5-5798DF73D9C8}.Release|Any CPU.Build.0 = Release|Any CPU
		{4354A906-5E0B-C284-1999-11995B4B5C8D}.Debug|Any CPU.ActiveCfg = Debug|Any CPU
		{4354A906-5E0B-C284-1999-11995B4B5C8D}.Debug|Any CPU.Build.0 = Debug|Any CPU
		{4354A906-5E0B-C284-1999-11995B4B5C8D}.Release|Any CPU.ActiveCfg = Release|Any CPU
		{4354A906-5E0B-C284-1999-11995B4B5C8D}.Release|Any CPU.Build.0 = Release|Any CPU
		{4E733569-99FE-9684-3529-1B81ED7A733B}.Debug|Any CPU.ActiveCfg = Debug|Any CPU
		{4E733569-99FE-9684-3529-1B81ED7A733B}.Debug|Any CPU.Build.0 = Debug|Any CPU
		{4E733569-99FE-9684-3529-1B81ED7A733B}.Release|Any CPU.ActiveCfg = Release|Any CPU
		{4E733569-99FE-9684-3529-1B81ED7A733B}.Release|Any CPU.Build.0 = Release|Any CPU
		{16356E29-4AD2-A44F-BD11-C13A4A2A5E26}.Debug|Any CPU.ActiveCfg = Debug|Any CPU
		{16356E29-4AD2-A44F-BD11-C13A4A2A5E26}.Debug|Any CPU.Build.0 = Debug|Any CPU
		{16356E29-4AD2-A44F-BD11-C13A4A2A5E26}.Release|Any CPU.ActiveCfg = Release|Any CPU
		{16356E29-4AD2-A44F-BD11-C13A4A2A5E26}.Release|Any CPU.Build.0 = Release|Any CPU
		{1E882FDA-433C-DB27-D226-9802A53DFF7B}.Debug|Any CPU.ActiveCfg = Debug|Any CPU
		{1E882FDA-433C-DB27-D226-9802A53DFF7B}.Debug|Any CPU.Build.0 = Debug|Any CPU
		{1E882FDA-433C-DB27-D226-9802A53DFF7B}.Release|Any CPU.ActiveCfg = Release|Any CPU
		{1E882FDA-433C-DB27-D226-9802A53DFF7B}.Release|Any CPU.Build.0 = Release|Any CPU
		{5AC589A1-30A9-161D-D800-36871F1C329E}.Debug|Any CPU.ActiveCfg = Debug|Any CPU
		{5AC589A1-30A9-161D-D800-36871F1C329E}.Debug|Any CPU.Build.0 = Debug|Any CPU
		{5AC589A1-30A9-161D-D800-36871F1C329E}.Release|Any CPU.ActiveCfg = Release|Any CPU
		{5AC589A1-30A9-161D-D800-36871F1C329E}.Release|Any CPU.Build.0 = Release|Any CPU
		{5A01C309-1958-4F30-63D8-6A78E057F2DC}.Debug|Any CPU.ActiveCfg = Debug|Any CPU
		{5A01C309-1958-4F30-63D8-6A78E057F2DC}.Debug|Any CPU.Build.0 = Debug|Any CPU
		{5A01C309-1958-4F30-63D8-6A78E057F2DC}.Release|Any CPU.ActiveCfg = Release|Any CPU
		{5A01C309-1958-4F30-63D8-6A78E057F2DC}.Release|Any CPU.Build.0 = Release|Any CPU
		{06E8A8C1-E3C4-490F-8891-42C1FE38A2FE}.Debug|Any CPU.ActiveCfg = Debug|Any CPU
		{06E8A8C1-E3C4-490F-8891-42C1FE38A2FE}.Debug|Any CPU.Build.0 = Debug|Any CPU
		{06E8A8C1-E3C4-490F-8891-42C1FE38A2FE}.Release|Any CPU.ActiveCfg = Release|Any CPU
		{06E8A8C1-E3C4-490F-8891-42C1FE38A2FE}.Release|Any CPU.Build.0 = Release|Any CPU
		{98B75AE6-F25E-A0C6-8C72-9EE81C724840}.Debug|Any CPU.ActiveCfg = Debug|Any CPU
		{98B75AE6-F25E-A0C6-8C72-9EE81C724840}.Debug|Any CPU.Build.0 = Debug|Any CPU
		{98B75AE6-F25E-A0C6-8C72-9EE81C724840}.Release|Any CPU.ActiveCfg = Release|Any CPU
		{98B75AE6-F25E-A0C6-8C72-9EE81C724840}.Release|Any CPU.Build.0 = Release|Any CPU
		{F0229ED8-7D6C-FAF4-9093-804D87344CA5}.Debug|Any CPU.ActiveCfg = Debug|Any CPU
		{F0229ED8-7D6C-FAF4-9093-804D87344CA5}.Debug|Any CPU.Build.0 = Debug|Any CPU
		{F0229ED8-7D6C-FAF4-9093-804D87344CA5}.Release|Any CPU.ActiveCfg = Release|Any CPU
		{F0229ED8-7D6C-FAF4-9093-804D87344CA5}.Release|Any CPU.Build.0 = Release|Any CPU
		{AA81B7C2-517E-ABA5-C062-964EAA690CF1}.Debug|Any CPU.ActiveCfg = Debug|Any CPU
		{AA81B7C2-517E-ABA5-C062-964EAA690CF1}.Debug|Any CPU.Build.0 = Debug|Any CPU
		{AA81B7C2-517E-ABA5-C062-964EAA690CF1}.Release|Any CPU.ActiveCfg = Release|Any CPU
		{AA81B7C2-517E-ABA5-C062-964EAA690CF1}.Release|Any CPU.Build.0 = Release|Any CPU
		{7E824768-F301-DD28-DEB4-EEF91EBC66EA}.Debug|Any CPU.ActiveCfg = Debug|Any CPU
		{7E824768-F301-DD28-DEB4-EEF91EBC66EA}.Debug|Any CPU.Build.0 = Debug|Any CPU
		{7E824768-F301-DD28-DEB4-EEF91EBC66EA}.Release|Any CPU.ActiveCfg = Release|Any CPU
		{7E824768-F301-DD28-DEB4-EEF91EBC66EA}.Release|Any CPU.Build.0 = Release|Any CPU
		{6C51074C-D379-D7DD-D5E3-44A24BE7F072}.Debug|Any CPU.ActiveCfg = Debug|Any CPU
		{6C51074C-D379-D7DD-D5E3-44A24BE7F072}.Debug|Any CPU.Build.0 = Debug|Any CPU
		{6C51074C-D379-D7DD-D5E3-44A24BE7F072}.Release|Any CPU.ActiveCfg = Release|Any CPU
		{6C51074C-D379-D7DD-D5E3-44A24BE7F072}.Release|Any CPU.Build.0 = Release|Any CPU
		{CC5CA7F8-BF3F-9DFE-9C71-7476461B885B}.Debug|Any CPU.ActiveCfg = Debug|Any CPU
		{CC5CA7F8-BF3F-9DFE-9C71-7476461B885B}.Debug|Any CPU.Build.0 = Debug|Any CPU
		{CC5CA7F8-BF3F-9DFE-9C71-7476461B885B}.Release|Any CPU.ActiveCfg = Release|Any CPU
		{CC5CA7F8-BF3F-9DFE-9C71-7476461B885B}.Release|Any CPU.Build.0 = Release|Any CPU
		{D0A06352-F041-FC80-EB29-0A2BCAB02E7E}.Debug|Any CPU.ActiveCfg = Debug|Any CPU
		{D0A06352-F041-FC80-EB29-0A2BCAB02E7E}.Debug|Any CPU.Build.0 = Debug|Any CPU
		{D0A06352-F041-FC80-EB29-0A2BCAB02E7E}.Release|Any CPU.ActiveCfg = Release|Any CPU
		{D0A06352-F041-FC80-EB29-0A2BCAB02E7E}.Release|Any CPU.Build.0 = Release|Any CPU
		{9ACB481A-A63E-568D-E557-4524790A0DB9}.Debug|Any CPU.ActiveCfg = Debug|Any CPU
		{9ACB481A-A63E-568D-E557-4524790A0DB9}.Debug|Any CPU.Build.0 = Debug|Any CPU
		{9ACB481A-A63E-568D-E557-4524790A0DB9}.Release|Any CPU.ActiveCfg = Release|Any CPU
		{9ACB481A-A63E-568D-E557-4524790A0DB9}.Release|Any CPU.Build.0 = Release|Any CPU
		{F78BF959-9988-4DD5-810F-F32E79A50B72}.Debug|Any CPU.ActiveCfg = Debug|Any CPU
		{F78BF959-9988-4DD5-810F-F32E79A50B72}.Debug|Any CPU.Build.0 = Debug|Any CPU
		{F78BF959-9988-4DD5-810F-F32E79A50B72}.Release|Any CPU.ActiveCfg = Release|Any CPU
		{F78BF959-9988-4DD5-810F-F32E79A50B72}.Release|Any CPU.Build.0 = Release|Any CPU
	EndGlobalSection
	GlobalSection(SolutionProperties) = preSolution
		HideSolutionNode = FALSE
	EndGlobalSection
	GlobalSection(NestedProjects) = preSolution
		{E5D4BE51-2EEF-4228-A309-4989F35E13D0} = {02EA681E-C7D8-13C7-8484-4AC65E1B71E8}
		{206F1A76-6101-4F1C-BD65-E25559DD42E9} = {02EA681E-C7D8-13C7-8484-4AC65E1B71E8}
		{5053219B-A629-938F-7627-5DE16C2A09EB} = {206F1A76-6101-4F1C-BD65-E25559DD42E9}
		{5A0DEE42-CD00-41E2-AC91-71CF1AA8760C} = {02EA681E-C7D8-13C7-8484-4AC65E1B71E8}
		{5F6DC499-57C0-47CA-987E-C0EF2DC331AD} = {02EA681E-C7D8-13C7-8484-4AC65E1B71E8}
		{1623A1B8-E360-0E82-9276-328EBE36B30D} = {FD5AC5CD-77BA-4812-88E8-CA0A7BF49DD5}
		{B981024E-3029-55D5-73E7-5A5ED7795191} = {E5D4BE51-2EEF-4228-A309-4989F35E13D0}
		{5370CC80-2C2D-BFB4-03B8-1F8725B2E212} = {E5D4BE51-2EEF-4228-A309-4989F35E13D0}
		{9211D671-FBAD-8B67-C567-46F474A2D655} = {E5D4BE51-2EEF-4228-A309-4989F35E13D0}
		{C50684B8-3BB1-FEE9-09B5-5798DF73D9C8} = {E5D4BE51-2EEF-4228-A309-4989F35E13D0}
		{4354A906-5E0B-C284-1999-11995B4B5C8D} = {5A0DEE42-CD00-41E2-AC91-71CF1AA8760C}
		{4E733569-99FE-9684-3529-1B81ED7A733B} = {5F6DC499-57C0-47CA-987E-C0EF2DC331AD}
		{16356E29-4AD2-A44F-BD11-C13A4A2A5E26} = {5F6DC499-57C0-47CA-987E-C0EF2DC331AD}
		{1E882FDA-433C-DB27-D226-9802A53DFF7B} = {5F6DC499-57C0-47CA-987E-C0EF2DC331AD}
		{5AC589A1-30A9-161D-D800-36871F1C329E} = {5F6DC499-57C0-47CA-987E-C0EF2DC331AD}
		{5A01C309-1958-4F30-63D8-6A78E057F2DC} = {251DB493-D783-45C0-BF99-23166F90FFB8}
		{06E8A8C1-E3C4-490F-8891-42C1FE38A2FE} = {FD5AC5CD-77BA-4812-88E8-CA0A7BF49DD5}
		{98B75AE6-F25E-A0C6-8C72-9EE81C724840} = {5A0DEE42-CD00-41E2-AC91-71CF1AA8760C}
		{F0229ED8-7D6C-FAF4-9093-804D87344CA5} = {5A0DEE42-CD00-41E2-AC91-71CF1AA8760C}
		{AA81B7C2-517E-ABA5-C062-964EAA690CF1} = {5A0DEE42-CD00-41E2-AC91-71CF1AA8760C}
		{7CF47EA8-C1DA-4F84-B8F6-DC9FF724CBCF} = {02EA681E-C7D8-13C7-8484-4AC65E1B71E8}
		{7E824768-F301-DD28-DEB4-EEF91EBC66EA} = {7CF47EA8-C1DA-4F84-B8F6-DC9FF724CBCF}
		{6C51074C-D379-D7DD-D5E3-44A24BE7F072} = {7CF47EA8-C1DA-4F84-B8F6-DC9FF724CBCF}
		{CC5CA7F8-BF3F-9DFE-9C71-7476461B885B} = {7CF47EA8-C1DA-4F84-B8F6-DC9FF724CBCF}
		{D0A06352-F041-FC80-EB29-0A2BCAB02E7E} = {7CF47EA8-C1DA-4F84-B8F6-DC9FF724CBCF}
		{B6CE4631-916A-469E-83AC-D0584B4101CF} = {55515294-6E5F-4746-BF6B-48C333E80E0C}
		{9ACB481A-A63E-568D-E557-4524790A0DB9} = {B6CE4631-916A-469E-83AC-D0584B4101CF}
		{38B9FCC9-F6C0-4C8B-9C6B-016F16038F5B} = {55515294-6E5F-4746-BF6B-48C333E80E0C}
		{F78BF959-9988-4DD5-810F-F32E79A50B72} = {38B9FCC9-F6C0-4C8B-9C6B-016F16038F5B}
	EndGlobalSection
	GlobalSection(ExtensibilityGlobals) = postSolution
		SolutionGuid = {C5BDAE30-FB0F-407C-827C-C0C80E98AA2F}
	EndGlobalSection
EndGlobal
