
Microsoft Visual Studio Solution File, Format Version 12.00
# Visual Studio Version 17
VisualStudioVersion = 17.14.36603.0
MinimumVisualStudioVersion = 10.0.40219.1
Project("{2150E333-8FDC-42A3-9474-1A3956D46DE8}") = "src", "src", "{02EA681E-C7D8-13C7-8484-4AC65E1B71E8}"
EndProject
Project("{2150E333-8FDC-42A3-9474-1A3956D46DE8}") = "test", "test", "{251DB493-D783-45C0-BF99-23166F90FFB8}"
EndProject
Project("{2150E333-8FDC-42A3-9474-1A3956D46DE8}") = "Catalog", "Catalog", "{E5D4BE51-2EEF-4228-A309-4989F35E13D0}"
EndProject
Project("{FAE04EC0-301F-11D3-BF4B-00C04F79EFBC}") = "Catalog.API", "src\Catalog.API\Catalog.API.csproj", "{C14C49E7-3D57-F879-AF95-64AB5B0CCA56}"
EndProject
Project("{FAE04EC0-301F-11D3-BF4B-00C04F79EFBC}") = "Catalog.Application", "src\Catalog.Application\Catalog.Application.csproj", "{AC93BA17-BDAF-E038-0A88-862C9BDD2B69}"
EndProject
Project("{FAE04EC0-301F-11D3-BF4B-00C04F79EFBC}") = "Catalog.Domain", "src\Catalog.Domain\Catalog.Domain.csproj", "{B557B6BD-AB9B-6C81-AF6E-BBE7B2D97BE2}"
EndProject
Project("{FAE04EC0-301F-11D3-BF4B-00C04F79EFBC}") = "Catalog.Infrastructure", "src\Catalog.Infrastructure\Catalog.Infrastructure.csproj", "{A2B7E95C-C505-9513-5E2C-4A3195473F7C}"
EndProject
Project("{2150E333-8FDC-42A3-9474-1A3956D46DE8}") = "Gateway", "Gateway", "{206F1A76-6101-4F1C-BD65-E25559DD42E9}"
EndProject
Project("{FAE04EC0-301F-11D3-BF4B-00C04F79EFBC}") = "YARP", "src\Gateway\YARP\YARP.csproj", "{5053219B-A629-938F-7627-5DE16C2A09EB}"
EndProject
Project("{FAE04EC0-301F-11D3-BF4B-00C04F79EFBC}") = "MongoDbSeeder", "tests\MongoDbSeeder\MongoDbSeeder.csproj", "{AAB171D3-0B39-6FE2-6068-A1B512A1E1CD}"
EndProject
Global
	GlobalSection(SolutionConfigurationPlatforms) = preSolution
		Debug|Any CPU = Debug|Any CPU
		Release|Any CPU = Release|Any CPU
	EndGlobalSection
	GlobalSection(ProjectConfigurationPlatforms) = postSolution
		{C14C49E7-3D57-F879-AF95-64AB5B0CCA56}.Debug|Any CPU.ActiveCfg = Debug|Any CPU
		{C14C49E7-3D57-F879-AF95-64AB5B0CCA56}.Debug|Any CPU.Build.0 = Debug|Any CPU
		{C14C49E7-3D57-F879-AF95-64AB5B0CCA56}.Release|Any CPU.ActiveCfg = Release|Any CPU
		{C14C49E7-3D57-F879-AF95-64AB5B0CCA56}.Release|Any CPU.Build.0 = Release|Any CPU
		{AC93BA17-BDAF-E038-0A88-862C9BDD2B69}.Debug|Any CPU.ActiveCfg = Debug|Any CPU
		{AC93BA17-BDAF-E038-0A88-862C9BDD2B69}.Debug|Any CPU.Build.0 = Debug|Any CPU
		{AC93BA17-BDAF-E038-0A88-862C9BDD2B69}.Release|Any CPU.ActiveCfg = Release|Any CPU
		{AC93BA17-BDAF-E038-0A88-862C9BDD2B69}.Release|Any CPU.Build.0 = Release|Any CPU
		{B557B6BD-AB9B-6C81-AF6E-BBE7B2D97BE2}.Debug|Any CPU.ActiveCfg = Debug|Any CPU
		{B557B6BD-AB9B-6C81-AF6E-BBE7B2D97BE2}.Debug|Any CPU.Build.0 = Debug|Any CPU
		{B557B6BD-AB9B-6C81-AF6E-BBE7B2D97BE2}.Release|Any CPU.ActiveCfg = Release|Any CPU
		{B557B6BD-AB9B-6C81-AF6E-BBE7B2D97BE2}.Release|Any CPU.Build.0 = Release|Any CPU
		{A2B7E95C-C505-9513-5E2C-4A3195473F7C}.Debug|Any CPU.ActiveCfg = Debug|Any CPU
		{A2B7E95C-C505-9513-5E2C-4A3195473F7C}.Debug|Any CPU.Build.0 = Debug|Any CPU
		{A2B7E95C-C505-9513-5E2C-4A3195473F7C}.Release|Any CPU.ActiveCfg = Release|Any CPU
		{A2B7E95C-C505-9513-5E2C-4A3195473F7C}.Release|Any CPU.Build.0 = Release|Any CPU
		{5053219B-A629-938F-7627-5DE16C2A09EB}.Debug|Any CPU.ActiveCfg = Debug|Any CPU
		{5053219B-A629-938F-7627-5DE16C2A09EB}.Debug|Any CPU.Build.0 = Debug|Any CPU
		{5053219B-A629-938F-7627-5DE16C2A09EB}.Release|Any CPU.ActiveCfg = Release|Any CPU
		{5053219B-A629-938F-7627-5DE16C2A09EB}.Release|Any CPU.Build.0 = Release|Any CPU
		{AAB171D3-0B39-6FE2-6068-A1B512A1E1CD}.Debug|Any CPU.ActiveCfg = Debug|Any CPU
		{AAB171D3-0B39-6FE2-6068-A1B512A1E1CD}.Debug|Any CPU.Build.0 = Debug|Any CPU
		{AAB171D3-0B39-6FE2-6068-A1B512A1E1CD}.Release|Any CPU.ActiveCfg = Release|Any CPU
		{AAB171D3-0B39-6FE2-6068-A1B512A1E1CD}.Release|Any CPU.Build.0 = Release|Any CPU
	EndGlobalSection
	GlobalSection(SolutionProperties) = preSolution
		HideSolutionNode = FALSE
	EndGlobalSection
	GlobalSection(NestedProjects) = preSolution
		{E5D4BE51-2EEF-4228-A309-4989F35E13D0} = {02EA681E-C7D8-13C7-8484-4AC65E1B71E8}
		{C14C49E7-3D57-F879-AF95-64AB5B0CCA56} = {E5D4BE51-2EEF-4228-A309-4989F35E13D0}
		{AC93BA17-BDAF-E038-0A88-862C9BDD2B69} = {E5D4BE51-2EEF-4228-A309-4989F35E13D0}
		{B557B6BD-AB9B-6C81-AF6E-BBE7B2D97BE2} = {E5D4BE51-2EEF-4228-A309-4989F35E13D0}
		{A2B7E95C-C505-9513-5E2C-4A3195473F7C} = {E5D4BE51-2EEF-4228-A309-4989F35E13D0}
		{206F1A76-6101-4F1C-BD65-E25559DD42E9} = {02EA681E-C7D8-13C7-8484-4AC65E1B71E8}
		{5053219B-A629-938F-7627-5DE16C2A09EB} = {206F1A76-6101-4F1C-BD65-E25559DD42E9}
		{AAB171D3-0B39-6FE2-6068-A1B512A1E1CD} = {251DB493-D783-45C0-BF99-23166F90FFB8}
	EndGlobalSection
	GlobalSection(ExtensibilityGlobals) = postSolution
		SolutionGuid = {C5BDAE30-FB0F-407C-827C-C0C80E98AA2F}
	EndGlobalSection
EndGlobal
